[root]
name = "rocto"
version = "0.1.0"
dependencies = [
 "chip8 0.2.1 (git+https://github.com/jdeeny/rust-chip8.git)",
 "nom 1.2.4 (git+https://github.com/jdeeny/nom.git)",
]

[[package]]
name = "chip8"
version = "0.2.1"
source = "git+https://github.com/jdeeny/rust-chip8.git#90c1cc3b69199e1bd44417cc16c0365f29cdb9c8"
dependencies = [
 "drawbytes 0.1.0 (git+https://github.com/jdeeny/drawbytes.git)",
 "rand 0.3.14 (registry+https://github.com/rust-lang/crates.io-index)",
 "strfmt 0.1.5 (registry+https://github.com/rust-lang/crates.io-index)",
]

[[package]]
name = "drawbytes"
version = "0.1.0"
source = "git+https://github.com/jdeeny/drawbytes.git#8e31c83c31c58408b3303b61849d1cb9af86a4e5"

[[package]]
name = "libc"
version = "0.2.15"
source = "registry+https://github.com/rust-lang/crates.io-index"

[[package]]
name = "nom"
version = "1.2.4"
source = "git+https://github.com/jdeeny/nom.git#bb3f949400d686088493458ee3ec760ce7e78988"

[[package]]
name = "rand"
version = "0.3.14"
source = "registry+https://github.com/rust-lang/crates.io-index"
dependencies = [
 "libc 0.2.15 (registry+https://github.com/rust-lang/crates.io-index)",
]

[[package]]
name = "strfmt"
version = "0.1.5"
source = "registry+https://github.com/rust-lang/crates.io-index"

[metadata]
"checksum chip8 0.2.1 (git+https://github.com/jdeeny/rust-chip8.git)" = "<none>"
"checksum drawbytes 0.1.0 (git+https://github.com/jdeeny/drawbytes.git)" = "<none>"
"checksum libc 0.2.15 (registry+https://github.com/rust-lang/crates.io-index)" = "23e3757828fa702a20072c37ff47938e9dd331b92fac6e223d26d4b7a55f7ee2"
"checksum nom 1.2.4 (git+https://github.com/jdeeny/nom.git)" = "<none>"
"checksum rand 0.3.14 (registry+https://github.com/rust-lang/crates.io-index)" = "2791d88c6defac799c3f20d74f094ca33b9332612d9aef9078519c82e4fe04a5"
"checksum strfmt 0.1.5 (registry+https://github.com/rust-lang/crates.io-index)" = "c6ca97d0705fce080739a3ba7170279e4c87900817a0219ed8cbb7b6db7db220"
